
Microsoft Visual Studio Solution File, Format Version 12.00
# Visual Studio Version 17
VisualStudioVersion = 17.8.34330.188
MinimumVisualStudioVersion = 10.0.40219.1
Project("{FAE04EC0-301F-11D3-BF4B-00C04F79EFBC}") = "Tihair.MainWeb", "Tihair.MainWeb\Tihair.MainWeb.csproj", "{82BBD63B-F814-4E31-8139-BE047380CEB5}"
EndProject
Project("{FAE04EC0-301F-11D3-BF4B-00C04F79EFBC}") = "Tihair.Core", "..\Tihair.Core\Tihair.Core.csproj", "{663B60AC-47E5-4A9B-A9A1-D6B685EC3268}"
EndProject
Global
	GlobalSection(SolutionConfigurationPlatforms) = preSolution
		Debug|Any CPU = Debug|Any CPU
		Release|Any CPU = Release|Any CPU
	EndGlobalSection
	GlobalSection(ProjectConfigurationPlatforms) = postSolution
		{82BBD63B-F814-4E31-8139-BE047380CEB5}.Debug|Any CPU.ActiveCfg = Debug|Any CPU
		{82BBD63B-F814-4E31-8139-BE047380CEB5}.Debug|Any CPU.Build.0 = Debug|Any CPU
		{82BBD63B-F814-4E31-8139-BE047380CEB5}.Release|Any CPU.ActiveCfg = Release|Any CPU
		{82BBD63B-F814-4E31-8139-BE047380CEB5}.Release|Any CPU.Build.0 = Release|Any CPU
		{663B60AC-47E5-4A9B-A9A1-D6B685EC3268}.Debug|Any CPU.ActiveCfg = Debug|Any CPU
		{663B60AC-47E5-4A9B-A9A1-D6B685EC3268}.Debug|Any CPU.Build.0 = Debug|Any CPU
		{663B60AC-47E5-4A9B-A9A1-D6B685EC3268}.Release|Any CPU.ActiveCfg = Release|Any CPU
		{663B60AC-47E5-4A9B-A9A1-D6B685EC3268}.Release|Any CPU.Build.0 = Release|Any CPU
	EndGlobalSection
	GlobalSection(SolutionProperties) = preSolution
		HideSolutionNode = FALSE
	EndGlobalSection
	GlobalSection(ExtensibilityGlobals) = postSolution
		SolutionGuid = {0A6D6BD2-7E97-482B-AF53-56929CD28228}
	EndGlobalSection
EndGlobal
